
Microsoft Visual Studio Solution File, Format Version 12.00
# Visual Studio 15
VisualStudioVersion = 15.0.27428.2037
MinimumVisualStudioVersion = 10.0.40219.1
Project("{FAE04EC0-301F-11D3-BF4B-00C04F79EFBC}") = "Pension", "Pension\Pension.csproj", "{C950AF0D-BE79-448C-884D-2890DD72FDFD}"
EndProject
Global
	GlobalSection(SolutionConfigurationPlatforms) = preSolution
		Debug|Any CPU = Debug|Any CPU
		Release|Any CPU = Release|Any CPU
	EndGlobalSection
	GlobalSection(ProjectConfigurationPlatforms) = postSolution
		{C950AF0D-BE79-448C-884D-2890DD72FDFD}.Debug|Any CPU.ActiveCfg = Debug|Any CPU
		{C950AF0D-BE79-448C-884D-2890DD72FDFD}.Debug|Any CPU.Build.0 = Debug|Any CPU
		{C950AF0D-BE79-448C-884D-2890DD72FDFD}.Release|Any CPU.ActiveCfg = Release|Any CPU
		{C950AF0D-BE79-448C-884D-2890DD72FDFD}.Release|Any CPU.Build.0 = Release|Any CPU
	EndGlobalSection
	GlobalSection(SolutionProperties) = preSolution
		HideSolutionNode = FALSE
	EndGlobalSection
	GlobalSection(ExtensibilityGlobals) = postSolution
		SolutionGuid = {9CA5F963-5709-4E99-8AAD-B79767FA5FFB}
	EndGlobalSection
EndGlobal
